
Microsoft Visual Studio Solution File, Format Version 12.00
# Visual Studio 2013
VisualStudioVersion = 12.0.21005.1
MinimumVisualStudioVersion = 10.0.40219.1
Project("{8BC9CEB8-8B4A-11D0-8D11-00A0C91BC942}") = "哈希表练习", "哈希表练习\哈希表练习.vcxproj", "{08CDEFA8-D259-487C-83E6-8F3B9A951551}"
EndProject
Global
	GlobalSection(SolutionConfigurationPlatforms) = preSolution
		Debug|Win32 = Debug|Win32
		Release|Win32 = Release|Win32
	EndGlobalSection
	GlobalSection(ProjectConfigurationPlatforms) = postSolution
		{08CDEFA8-D259-487C-83E6-8F3B9A951551}.Debug|Win32.ActiveCfg = Debug|Win32
		{08CDEFA8-D259-487C-83E6-8F3B9A951551}.Debug|Win32.Build.0 = Debug|Win32
		{08CDEFA8-D259-487C-83E6-8F3B9A951551}.Release|Win32.ActiveCfg = Release|Win32
		{08CDEFA8-D259-487C-83E6-8F3B9A951551}.Release|Win32.Build.0 = Release|Win32
	EndGlobalSection
	GlobalSection(SolutionProperties) = preSolution
		HideSolutionNode = FALSE
	EndGlobalSection
EndGlobal
