
Microsoft Visual Studio Solution File, Format Version 12.00
# Visual Studio 2013
VisualStudioVersion = 12.0.21005.1
MinimumVisualStudioVersion = 10.0.40219.1
Project("{8BC9CEB8-8B4A-11D0-8D11-00A0C91BC942}") = "ConsoleApplication10", "ConsoleApplication10\ConsoleApplication10.vcxproj", "{4EDA5BB7-B091-4572-BE73-A6974F7C5D05}"
EndProject
Global
	GlobalSection(SolutionConfigurationPlatforms) = preSolution
		Debug|Win32 = Debug|Win32
		Release|Win32 = Release|Win32
	EndGlobalSection
	GlobalSection(ProjectConfigurationPlatforms) = postSolution
		{4EDA5BB7-B091-4572-BE73-A6974F7C5D05}.Debug|Win32.ActiveCfg = Debug|Win32
		{4EDA5BB7-B091-4572-BE73-A6974F7C5D05}.Debug|Win32.Build.0 = Debug|Win32
		{4EDA5BB7-B091-4572-BE73-A6974F7C5D05}.Release|Win32.ActiveCfg = Release|Win32
		{4EDA5BB7-B091-4572-BE73-A6974F7C5D05}.Release|Win32.Build.0 = Release|Win32
	EndGlobalSection
	GlobalSection(SolutionProperties) = preSolution
		HideSolutionNode = FALSE
	EndGlobalSection
EndGlobal
